
Microsoft Visual Studio Solution File, Format Version 12.00
# Visual Studio Version 17
VisualStudioVersion = 17.9.34723.18
MinimumVisualStudioVersion = 10.0.40219.1
Project("{FAE04EC0-301F-11D3-BF4B-00C04F79EFBC}") = "Presentacion", "Presentacion\Presentacion.csproj", "{977739CA-CFC5-4D53-9EA9-20B7372F9900}"
EndProject
Project("{FAE04EC0-301F-11D3-BF4B-00C04F79EFBC}") = "Negocio", "Negocio\Negocio.csproj", "{CE7FEF1A-9CFD-4BAB-A880-CEDD46FC759F}"
EndProject
Project("{FAE04EC0-301F-11D3-BF4B-00C04F79EFBC}") = "Datos", "Datos\Datos.csproj", "{898768C2-4827-4596-B36D-C3E09EE995AB}"
EndProject
Global
	GlobalSection(SolutionConfigurationPlatforms) = preSolution
		Debug|Any CPU = Debug|Any CPU
		Release|Any CPU = Release|Any CPU
	EndGlobalSection
	GlobalSection(ProjectConfigurationPlatforms) = postSolution
		{977739CA-CFC5-4D53-9EA9-20B7372F9900}.Debug|Any CPU.ActiveCfg = Debug|Any CPU
		{977739CA-CFC5-4D53-9EA9-20B7372F9900}.Debug|Any CPU.Build.0 = Debug|Any CPU
		{977739CA-CFC5-4D53-9EA9-20B7372F9900}.Release|Any CPU.ActiveCfg = Release|Any CPU
		{977739CA-CFC5-4D53-9EA9-20B7372F9900}.Release|Any CPU.Build.0 = Release|Any CPU
		{CE7FEF1A-9CFD-4BAB-A880-CEDD46FC759F}.Debug|Any CPU.ActiveCfg = Debug|Any CPU
		{CE7FEF1A-9CFD-4BAB-A880-CEDD46FC759F}.Debug|Any CPU.Build.0 = Debug|Any CPU
		{CE7FEF1A-9CFD-4BAB-A880-CEDD46FC759F}.Release|Any CPU.ActiveCfg = Release|Any CPU
		{CE7FEF1A-9CFD-4BAB-A880-CEDD46FC759F}.Release|Any CPU.Build.0 = Release|Any CPU
		{898768C2-4827-4596-B36D-C3E09EE995AB}.Debug|Any CPU.ActiveCfg = Debug|Any CPU
		{898768C2-4827-4596-B36D-C3E09EE995AB}.Debug|Any CPU.Build.0 = Debug|Any CPU
		{898768C2-4827-4596-B36D-C3E09EE995AB}.Release|Any CPU.ActiveCfg = Release|Any CPU
		{898768C2-4827-4596-B36D-C3E09EE995AB}.Release|Any CPU.Build.0 = Release|Any CPU
	EndGlobalSection
	GlobalSection(SolutionProperties) = preSolution
		HideSolutionNode = FALSE
	EndGlobalSection
	GlobalSection(ExtensibilityGlobals) = postSolution
		SolutionGuid = {9BD82C2A-3B36-44CD-8C20-C2E5BF8FD637}
	EndGlobalSection
EndGlobal
